
Microsoft Visual Studio Solution File, Format Version 12.00
# Visual Studio Version 16
VisualStudioVersion = 16.0.30503.244
MinimumVisualStudioVersion = 10.0.40219.1
Project("{FAE04EC0-301F-11D3-BF4B-00C04F79EFBC}") = "DataAccess", "DataAccess\DataAccess.csproj", "{1EB44012-9D47-4179-B013-6388A10DE532}"
EndProject
Project("{FAE04EC0-301F-11D3-BF4B-00C04F79EFBC}") = "Entities", "Entities\Entities.csproj", "{6511E079-383B-44D8-9B96-65B10DA919A1}"
EndProject
Project("{FAE04EC0-301F-11D3-BF4B-00C04F79EFBC}") = "Business", "Business\Business.csproj", "{EFCC2733-6CB6-45E5-905E-82B670CA63E9}"
EndProject
Project("{FAE04EC0-301F-11D3-BF4B-00C04F79EFBC}") = "ConsoleUI", "ConsoleUI\ConsoleUI.csproj", "{32E15310-D035-434E-87B6-C18AAC64739D}"
EndProject
Global
	GlobalSection(SolutionConfigurationPlatforms) = preSolution
		Debug|Any CPU = Debug|Any CPU
		Release|Any CPU = Release|Any CPU
	EndGlobalSection
	GlobalSection(ProjectConfigurationPlatforms) = postSolution
		{1EB44012-9D47-4179-B013-6388A10DE532}.Debug|Any CPU.ActiveCfg = Debug|Any CPU
		{1EB44012-9D47-4179-B013-6388A10DE532}.Debug|Any CPU.Build.0 = Debug|Any CPU
		{1EB44012-9D47-4179-B013-6388A10DE532}.Release|Any CPU.ActiveCfg = Release|Any CPU
		{1EB44012-9D47-4179-B013-6388A10DE532}.Release|Any CPU.Build.0 = Release|Any CPU
		{6511E079-383B-44D8-9B96-65B10DA919A1}.Debug|Any CPU.ActiveCfg = Debug|Any CPU
		{6511E079-383B-44D8-9B96-65B10DA919A1}.Debug|Any CPU.Build.0 = Debug|Any CPU
		{6511E079-383B-44D8-9B96-65B10DA919A1}.Release|Any CPU.ActiveCfg = Release|Any CPU
		{6511E079-383B-44D8-9B96-65B10DA919A1}.Release|Any CPU.Build.0 = Release|Any CPU
		{EFCC2733-6CB6-45E5-905E-82B670CA63E9}.Debug|Any CPU.ActiveCfg = Debug|Any CPU
		{EFCC2733-6CB6-45E5-905E-82B670CA63E9}.Debug|Any CPU.Build.0 = Debug|Any CPU
		{EFCC2733-6CB6-45E5-905E-82B670CA63E9}.Release|Any CPU.ActiveCfg = Release|Any CPU
		{EFCC2733-6CB6-45E5-905E-82B670CA63E9}.Release|Any CPU.Build.0 = Release|Any CPU
		{32E15310-D035-434E-87B6-C18AAC64739D}.Debug|Any CPU.ActiveCfg = Debug|Any CPU
		{32E15310-D035-434E-87B6-C18AAC64739D}.Debug|Any CPU.Build.0 = Debug|Any CPU
		{32E15310-D035-434E-87B6-C18AAC64739D}.Release|Any CPU.ActiveCfg = Release|Any CPU
		{32E15310-D035-434E-87B6-C18AAC64739D}.Release|Any CPU.Build.0 = Release|Any CPU
	EndGlobalSection
	GlobalSection(SolutionProperties) = preSolution
		HideSolutionNode = FALSE
	EndGlobalSection
	GlobalSection(ExtensibilityGlobals) = postSolution
		SolutionGuid = {3FB57E7B-92E7-4550-9C0D-5978DC5168B5}
	EndGlobalSection
EndGlobal
